
Microsoft Visual Studio Solution File, Format Version 12.00
# Visual Studio Version 17
VisualStudioVersion = 17.8.34525.116
MinimumVisualStudioVersion = 10.0.40219.1
Project("{FAE04EC0-301F-11D3-BF4B-00C04F79EFBC}") = "_Login_Page_", "_Login_Page_\_Login_Page_.csproj", "{548BBFFF-F925-4634-B311-803F5B5F84AD}"
EndProject
Global
	GlobalSection(SolutionConfigurationPlatforms) = preSolution
		Debug|Any CPU = Debug|Any CPU
		Release|Any CPU = Release|Any CPU
	EndGlobalSection
	GlobalSection(ProjectConfigurationPlatforms) = postSolution
		{548BBFFF-F925-4634-B311-803F5B5F84AD}.Debug|Any CPU.ActiveCfg = Debug|Any CPU
		{548BBFFF-F925-4634-B311-803F5B5F84AD}.Debug|Any CPU.Build.0 = Debug|Any CPU
		{548BBFFF-F925-4634-B311-803F5B5F84AD}.Release|Any CPU.ActiveCfg = Release|Any CPU
		{548BBFFF-F925-4634-B311-803F5B5F84AD}.Release|Any CPU.Build.0 = Release|Any CPU
	EndGlobalSection
	GlobalSection(SolutionProperties) = preSolution
		HideSolutionNode = FALSE
	EndGlobalSection
	GlobalSection(ExtensibilityGlobals) = postSolution
		SolutionGuid = {D41E52FC-B86B-48B3-BA29-286034AC8788}
	EndGlobalSection
EndGlobal
